{
  "name": "bloomhaven-bot",
  "version": "1.0.0",
  "lockfileVersion": 2,
  "requires": true,
  "packages": {
    "": {
      "name": "bloomhaven-bot",
      "version": "1.0.0",
      "dependencies": {
        "discord.js": "^14.11.0",
        "express": "^4.18.2",
        "body-parser": "^1.20.2",
        "dotenv": "^16.3.1"
      }
    }
  }
}
